
Microsoft Visual Studio Solution File, Format Version 12.00
# Visual Studio 2012
Project("{8BC9CEB9-8B4A-11D0-8D11-00A0C91BC942}") = "HOTweenV1_Editor", "HOTweenV1_Editor.dll", "{80116702-0CC7-4E72-993C-D35C44BDBCA1}"
	ProjectSection(MonoDevelopProperties) = preProject
		BaseDirectory = D:\DG\_Develop\__UNITY3_CLASSES\_Holoville\__HOTween.Assembly\HOTweenV1_Editor
		name = HOTweenV1_Editor
		Configurations = $0
		$0.Configuration = $1
		$1.name = Default
		$1.OutputPath = .\
		$1.ctype = ProjectConfiguration
	EndProjectSection
EndProject
Global
	GlobalSection(SolutionConfigurationPlatforms) = preSolution
		Default|Any CPU = Default|Any CPU
	EndGlobalSection
	GlobalSection(ProjectConfigurationPlatforms) = postSolution
		{80116702-0CC7-4E72-993C-D35C44BDBCA1}.Default|Any CPU.ActiveCfg = Default|Any CPU
		{80116702-0CC7-4E72-993C-D35C44BDBCA1}.Default|Any CPU.Build.0 = Default|Any CPU
	EndGlobalSection
EndGlobal
